
Microsoft Visual Studio Solution File, Format Version 12.00
# Visual Studio Version 16
VisualStudioVersion = 16.0.28803.202
MinimumVisualStudioVersion = 10.0.40219.1
Project("{FAE04EC0-301F-11D3-BF4B-00C04F79EFBC}") = "MM.Angular.WebApi", "MM.Angular.WebApi\MM.Angular.WebApi.csproj", "{110E759A-950F-4632-B405-98B8EF2690CB}"
EndProject
Global
	GlobalSection(SolutionConfigurationPlatforms) = preSolution
		Debug|Any CPU = Debug|Any CPU
		Release|Any CPU = Release|Any CPU
	EndGlobalSection
	GlobalSection(ProjectConfigurationPlatforms) = postSolution
		{110E759A-950F-4632-B405-98B8EF2690CB}.Debug|Any CPU.ActiveCfg = Debug|Any CPU
		{110E759A-950F-4632-B405-98B8EF2690CB}.Debug|Any CPU.Build.0 = Debug|Any CPU
		{110E759A-950F-4632-B405-98B8EF2690CB}.Release|Any CPU.ActiveCfg = Release|Any CPU
		{110E759A-950F-4632-B405-98B8EF2690CB}.Release|Any CPU.Build.0 = Release|Any CPU
	EndGlobalSection
	GlobalSection(SolutionProperties) = preSolution
		HideSolutionNode = FALSE
	EndGlobalSection
	GlobalSection(ExtensibilityGlobals) = postSolution
		SolutionGuid = {60E900FB-D656-44B6-9BFD-33F060BE1E11}
	EndGlobalSection
EndGlobal
